
Microsoft Visual Studio Solution File, Format Version 12.00
# Visual Studio Version 16
VisualStudioVersion = 16.0.30907.101
MinimumVisualStudioVersion = 10.0.40219.1
Project("{9A19103F-16F7-4668-BE54-9A1E7A4F7556}") = "Entities", "Entities\Entities.csproj", "{C9E2C5DE-8D3D-4D65-BF9D-6E75D94CEC9E}"
EndProject
Project("{9A19103F-16F7-4668-BE54-9A1E7A4F7556}") = "Business", "Business\Business.csproj", "{AF39A856-A4A1-40EC-86AA-F86CEF94A975}"
EndProject
Project("{9A19103F-16F7-4668-BE54-9A1E7A4F7556}") = "DataAccess", "DataAccess\DataAccess.csproj", "{4798677F-937A-4D31-8C45-DC5D8A731C7B}"
EndProject
Project("{FAE04EC0-301F-11D3-BF4B-00C04F79EFBC}") = "ConsoleUI", "ConsoleUI\ConsoleUI.csproj", "{DC81D887-C53C-4E7B-BE24-D0C9ACEE6E24}"
EndProject
Global
	GlobalSection(SolutionConfigurationPlatforms) = preSolution
		Debug|Any CPU = Debug|Any CPU
		Release|Any CPU = Release|Any CPU
	EndGlobalSection
	GlobalSection(ProjectConfigurationPlatforms) = postSolution
		{C9E2C5DE-8D3D-4D65-BF9D-6E75D94CEC9E}.Debug|Any CPU.ActiveCfg = Debug|Any CPU
		{C9E2C5DE-8D3D-4D65-BF9D-6E75D94CEC9E}.Debug|Any CPU.Build.0 = Debug|Any CPU
		{C9E2C5DE-8D3D-4D65-BF9D-6E75D94CEC9E}.Release|Any CPU.ActiveCfg = Release|Any CPU
		{C9E2C5DE-8D3D-4D65-BF9D-6E75D94CEC9E}.Release|Any CPU.Build.0 = Release|Any CPU
		{AF39A856-A4A1-40EC-86AA-F86CEF94A975}.Debug|Any CPU.ActiveCfg = Debug|Any CPU
		{AF39A856-A4A1-40EC-86AA-F86CEF94A975}.Debug|Any CPU.Build.0 = Debug|Any CPU
		{AF39A856-A4A1-40EC-86AA-F86CEF94A975}.Release|Any CPU.ActiveCfg = Release|Any CPU
		{AF39A856-A4A1-40EC-86AA-F86CEF94A975}.Release|Any CPU.Build.0 = Release|Any CPU
		{4798677F-937A-4D31-8C45-DC5D8A731C7B}.Debug|Any CPU.ActiveCfg = Debug|Any CPU
		{4798677F-937A-4D31-8C45-DC5D8A731C7B}.Debug|Any CPU.Build.0 = Debug|Any CPU
		{4798677F-937A-4D31-8C45-DC5D8A731C7B}.Release|Any CPU.ActiveCfg = Release|Any CPU
		{4798677F-937A-4D31-8C45-DC5D8A731C7B}.Release|Any CPU.Build.0 = Release|Any CPU
		{DC81D887-C53C-4E7B-BE24-D0C9ACEE6E24}.Debug|Any CPU.ActiveCfg = Debug|Any CPU
		{DC81D887-C53C-4E7B-BE24-D0C9ACEE6E24}.Debug|Any CPU.Build.0 = Debug|Any CPU
		{DC81D887-C53C-4E7B-BE24-D0C9ACEE6E24}.Release|Any CPU.ActiveCfg = Release|Any CPU
		{DC81D887-C53C-4E7B-BE24-D0C9ACEE6E24}.Release|Any CPU.Build.0 = Release|Any CPU
	EndGlobalSection
	GlobalSection(SolutionProperties) = preSolution
		HideSolutionNode = FALSE
	EndGlobalSection
	GlobalSection(ExtensibilityGlobals) = postSolution
		SolutionGuid = {F6FFEEED-3FF0-46AC-B7A3-F8BBA4D02925}
	EndGlobalSection
EndGlobal
